
Microsoft Visual Studio Solution File, Format Version 12.00
# Visual Studio 2017
Project("{FAE04EC0-301F-11D3-BF4B-00C04F79EFBC}") = "V2", "V2.csproj", "{256EC542-CF12-9662-5BCD-93C29268209C}"
EndProject
Project("{FAE04EC0-301F-11D3-BF4B-00C04F79EFBC}") = "V2.Editor", "V2.Editor.csproj", "{69433F5B-9099-0B44-409B-DBE3116DC93C}"
EndProject
Global
	GlobalSection(SolutionConfigurationPlatforms) = preSolution
		Debug|Any CPU = Debug|Any CPU
		Release|Any CPU = Release|Any CPU
	EndGlobalSection
	GlobalSection(ProjectConfigurationPlatforms) = postSolution
		{256EC542-CF12-9662-5BCD-93C29268209C}.Debug|Any CPU.ActiveCfg = Debug|Any CPU
		{256EC542-CF12-9662-5BCD-93C29268209C}.Debug|Any CPU.Build.0 = Debug|Any CPU
		{256EC542-CF12-9662-5BCD-93C29268209C}.Release|Any CPU.ActiveCfg = Release|Any CPU
		{256EC542-CF12-9662-5BCD-93C29268209C}.Release|Any CPU.Build.0 = Release|Any CPU
		{69433F5B-9099-0B44-409B-DBE3116DC93C}.Debug|Any CPU.ActiveCfg = Debug|Any CPU
		{69433F5B-9099-0B44-409B-DBE3116DC93C}.Debug|Any CPU.Build.0 = Debug|Any CPU
		{69433F5B-9099-0B44-409B-DBE3116DC93C}.Release|Any CPU.ActiveCfg = Release|Any CPU
		{69433F5B-9099-0B44-409B-DBE3116DC93C}.Release|Any CPU.Build.0 = Release|Any CPU
	EndGlobalSection
	GlobalSection(SolutionProperties) = preSolution
		HideSolutionNode = FALSE
	EndGlobalSection
EndGlobal
